
Microsoft Visual Studio Solution File, Format Version 10.00
# Visual C++ Express 2008
Project("{8BC9CEB8-8B4A-11D0-8D11-00A0C91BC942}") = "AluminizerSim", "AluminizerSim.vcproj", "{69368D23-EAF1-32B7-90A7-CD3D62D8E6B7}"
EndProject
Global
	GlobalSection(SolutionConfigurationPlatforms) = preSolution
		Debug|Win32 = Debug|Win32
		Release|Win32 = Release|Win32
	EndGlobalSection
	GlobalSection(ProjectConfigurationPlatforms) = postSolution
		{69368D23-EAF1-32B7-90A7-CD3D62D8E6B7}.Debug|Win32.ActiveCfg = Debug|Win32
		{69368D23-EAF1-32B7-90A7-CD3D62D8E6B7}.Debug|Win32.Build.0 = Debug|Win32
		{69368D23-EAF1-32B7-90A7-CD3D62D8E6B7}.Release|Win32.ActiveCfg = Release|Win32
		{69368D23-EAF1-32B7-90A7-CD3D62D8E6B7}.Release|Win32.Build.0 = Release|Win32
	EndGlobalSection
	GlobalSection(SolutionProperties) = preSolution
		HideSolutionNode = FALSE
	EndGlobalSection
EndGlobal
